# This file is autogenerated, do not edit; changes may be undone by the next 'dep ensure'.


[[projects]]
  branch = "master"
  name = "github.com/FactomProject/basen"
  packages = ["."]
  revision = "fe3947df716ebfda9847eb1b9a48f9592e06478c"

[[projects]]
  branch = "master"
  name = "github.com/FactomProject/btcutilecc"
  packages = ["."]
  revision = "d3a63a5752ecf3fbc06bd97365da752111c263df"

[[projects]]
  name = "github.com/golang/snappy"
  packages = ["."]
  revision = "2a8bb927dd31d8daada140a5d09578521ce5c36a"
  version = "v0.0.1"

[[projects]]
  name = "github.com/konsorten/go-windows-terminal-sequences"
  packages = ["."]
  revision = "f55edac94c9bbba5d6182a4be46d86a2c9b5b50e"
  version = "v1.0.2"

[[projects]]
  name = "github.com/mr-tron/base58"
  packages = ["."]
  revision = "d504ab2e22d97cb9f10b1d146a1e6a063f4a5f43"
  version = "v1.1.2"

[[projects]]
  name = "github.com/sirupsen/logrus"
  packages = ["."]
  revision = "839c75faf7f98a33d445d181f3018b5c3409a45e"
  version = "v1.4.2"

[[projects]]
  name = "github.com/syndtr/goleveldb"
  packages = ["leveldb","leveldb/cache","leveldb/comparer","leveldb/errors","leveldb/filter","leveldb/iterator","leveldb/journal","leveldb/memdb","leveldb/opt","leveldb/storage","leveldb/table","leveldb/util"]
  revision = "9d007e481048296f09f59bd19bb7ae584563cd95"
  version = "v1.0.0"

[[projects]]
  branch = "master"
  name = "github.com/tyler-smith/go-bip32"
  packages = ["."]
  revision = "2c9cfd17756470a0b7c3e4b7954bae7d11035504"

[[projects]]
  name = "github.com/tyler-smith/go-bip39"
  packages = [".","wordlists"]
  revision = "5e3853c3f4e1a44df487c7efeb064ee8b43755de"
  version = "1.0.2"

[[projects]]
  branch = "master"
  name = "golang.org/x/crypto"
  packages = ["pbkdf2","ripemd160"]
  revision = "4def268fd1a49955bfb3dda92fe3db4f924f2285"

[[projects]]
  branch = "master"
  name = "golang.org/x/sys"
  packages = ["unix"]
  revision = "fde4db37ae7ad8191b03d30d27f258b5291ae4e3"

[solve-meta]
  analyzer-name = "dep"
  analyzer-version = 1
  inputs-digest = "d6f4944f4d1dab88fc93b01c731b0b7e0392a5ddee1fea90dbcd163c413a4f82"
  solver-name = "gps-cdcl"
  solver-version = 1
